
Microsoft Visual Studio Solution File, Format Version 12.00
# Visual Studio Version 16
VisualStudioVersion = 16.0.30717.126
MinimumVisualStudioVersion = 10.0.40219.1
Project("{FAE04EC0-301F-11D3-BF4B-00C04F79EFBC}") = "WebApplication", "WebApplication.csproj", "{B782E0AE-1135-4F0B-8C99-80BAAE8FFA6D}"
EndProject
Global
	GlobalSection(SolutionConfigurationPlatforms) = preSolution
		Debug|Any CPU = Debug|Any CPU
		Release|Any CPU = Release|Any CPU
	EndGlobalSection
	GlobalSection(ProjectConfigurationPlatforms) = postSolution
		{B782E0AE-1135-4F0B-8C99-80BAAE8FFA6D}.Debug|Any CPU.ActiveCfg = Debug|Any CPU
		{B782E0AE-1135-4F0B-8C99-80BAAE8FFA6D}.Debug|Any CPU.Build.0 = Debug|Any CPU
		{B782E0AE-1135-4F0B-8C99-80BAAE8FFA6D}.Release|Any CPU.ActiveCfg = Release|Any CPU
		{B782E0AE-1135-4F0B-8C99-80BAAE8FFA6D}.Release|Any CPU.Build.0 = Release|Any CPU
	EndGlobalSection
	GlobalSection(SolutionProperties) = preSolution
		HideSolutionNode = FALSE
	EndGlobalSection
	GlobalSection(ExtensibilityGlobals) = postSolution
		SolutionGuid = {0A862B23-892E-4F2D-9B4E-A020A58FD573}
	EndGlobalSection
EndGlobal
